
Microsoft Visual Studio Solution File, Format Version 12.00
# Visual Studio 15
VisualStudioVersion = 15.0.27004.2008
MinimumVisualStudioVersion = 10.0.40219.1
Project("{FAE04EC0-301F-11D3-BF4B-00C04F79EFBC}") = "CSGSI", "CSGSI\CSGSI.csproj", "{8D55804C-2CF1-4A65-9C3E-8E41CD809535}"
EndProject
Global
	GlobalSection(SolutionConfigurationPlatforms) = preSolution
		Debug|Any CPU = Debug|Any CPU
		Release|Any CPU = Release|Any CPU
	EndGlobalSection
	GlobalSection(ProjectConfigurationPlatforms) = postSolution
		{8D55804C-2CF1-4A65-9C3E-8E41CD809535}.Debug|Any CPU.ActiveCfg = Debug|Any CPU
		{8D55804C-2CF1-4A65-9C3E-8E41CD809535}.Debug|Any CPU.Build.0 = Debug|Any CPU
		{8D55804C-2CF1-4A65-9C3E-8E41CD809535}.Release|Any CPU.ActiveCfg = Release|Any CPU
		{8D55804C-2CF1-4A65-9C3E-8E41CD809535}.Release|Any CPU.Build.0 = Release|Any CPU
	EndGlobalSection
	GlobalSection(SolutionProperties) = preSolution
		HideSolutionNode = FALSE
	EndGlobalSection
	GlobalSection(ExtensibilityGlobals) = postSolution
		SolutionGuid = {2C9E01E7-C5A2-4B0B-91D8-C22F976CA72C}
	EndGlobalSection
EndGlobal
